// !$*UTF8*$!
{
	archiveVersion = 1;
	classes = {
	};
	objectVersion = 46;
	objects = {

/* Begin PBXBuildFile section */
		13A9AAEF705324A98777EB0C /* Pods_MyBookClub.framework in Frameworks */ = {isa = PBXBuildFile; fileRef = D0D52B481D67DB44CBAE9ABF /* Pods_MyBookClub.framework */; };
		8155FFDF1E41A165001595E3 /* CoreTelephony.framework in Frameworks */ = {isa = PBXBuildFile; fileRef = 8155FFDE1E41A165001595E3 /* CoreTelephony.framework */; };
		816C75891E43C370007BDC08 /* MetalKit.framework in Frameworks */ = {isa = PBXBuildFile; fileRef = 816C75881E43C370007BDC08 /* MetalKit.framework */; };
		816C758B1E43C84E007BDC08 /* icon_me@2x.png in Resources */ = {isa = PBXBuildFile; fileRef = 816C758A1E43C84E007BDC08 /* icon_me@2x.png */; };
		816C758D1E43C925007BDC08 /* MapViewViewController.swift in Sources */ = {isa = PBXBuildFile; fileRef = 816C758C1E43C925007BDC08 /* MapViewViewController.swift */; };
		81789CA71E41501E004AB152 /* MapKit.framework in Frameworks */ = {isa = PBXBuildFile; fileRef = 81789CA61E41501E004AB152 /* MapKit.framework */; };
		81789CA91E415028004AB152 /* Contacts.framework in Frameworks */ = {isa = PBXBuildFile; fileRef = 81789CA81E415028004AB152 /* Contacts.framework */; };
		81789CAB1E41503D004AB152 /* AddressBook.framework in Frameworks */ = {isa = PBXBuildFile; fileRef = 81789CAA1E41503D004AB152 /* AddressBook.framework */; };
		81789CAD1E41506F004AB152 /* WebKit.framework in Frameworks */ = {isa = PBXBuildFile; fileRef = 81789CAC1E41506F004AB152 /* WebKit.framework */; };
		81789CAF1E415320004AB152 /* CoreLocation.framework in Frameworks */ = {isa = PBXBuildFile; fileRef = 81789CAE1E415320004AB152 /* CoreLocation.framework */; };
		81C6DFEB1E3D34A400EEFF86 /* AppDelegate.swift in Sources */ = {isa = PBXBuildFile; fileRef = 81C6DFEA1E3D34A400EEFF86 /* AppDelegate.swift */; };
		81C6DFF21E3D34A400EEFF86 /* Assets.xcassets in Resources */ = {isa = PBXBuildFile; fileRef = 81C6DFF11E3D34A400EEFF86 /* Assets.xcassets */; };
		81C6DFF51E3D34A400EEFF86 /* LaunchScreen.storyboard in Resources */ = {isa = PBXBuildFile; fileRef = 81C6DFF31E3D34A400EEFF86 /* LaunchScreen.storyboard */; };
		81C6E0001E3D34A400EEFF86 /* MyBookClubTests.swift in Sources */ = {isa = PBXBuildFile; fileRef = 81C6DFFF1E3D34A400EEFF86 /* MyBookClubTests.swift */; };
		81C6E00B1E3D34A400EEFF86 /* MyBookClubUITests.swift in Sources */ = {isa = PBXBuildFile; fileRef = 81C6E00A1E3D34A400EEFF86 /* MyBookClubUITests.swift */; };
		81C6E01B1E3D34CF00EEFF86 /* backgroundImage.png in Resources */ = {isa = PBXBuildFile; fileRef = 81C6E01A1E3D34CF00EEFF86 /* backgroundImage.png */; };
		81C6E01D1E3D34DC00EEFF86 /* BC30.png in Resources */ = {isa = PBXBuildFile; fileRef = 81C6E01C1E3D34DC00EEFF86 /* BC30.png */; };
		81C6E01F1E3D34E900EEFF86 /* home30.png in Resources */ = {isa = PBXBuildFile; fileRef = 81C6E01E1E3D34E900EEFF86 /* home30.png */; };
		81C6E0211E3D34F100EEFF86 /* BookClub40.png in Resources */ = {isa = PBXBuildFile; fileRef = 81C6E0201E3D34F100EEFF86 /* BookClub40.png */; };
		81C6E0231E3D34F800EEFF86 /* BookClub58.png in Resources */ = {isa = PBXBuildFile; fileRef = 81C6E0221E3D34F800EEFF86 /* BookClub58.png */; };
		81C6E0251E3D34FE00EEFF86 /* BookClub80.png in Resources */ = {isa = PBXBuildFile; fileRef = 81C6E0241E3D34FE00EEFF86 /* BookClub80.png */; };
		81C6E0271E3D350400EEFF86 /* BookClub120.png in Resources */ = {isa = PBXBuildFile; fileRef = 81C6E0261E3D350400EEFF86 /* BookClub120.png */; };
		81C6E0331E3D352B00EEFF86 /* BookClubMembersViewController.swift in Sources */ = {isa = PBXBuildFile; fileRef = 81C6E0281E3D352B00EEFF86 /* BookClubMembersViewController.swift */; };
		81C6E0341E3D352B00EEFF86 /* BookClubTableViewCell.swift in Sources */ = {isa = PBXBuildFile; fileRef = 81C6E0291E3D352B00EEFF86 /* BookClubTableViewCell.swift */; };
		81C6E0351E3D352B00EEFF86 /* BookClubViewController.swift in Sources */ = {isa = PBXBuildFile; fileRef = 81C6E02A1E3D352B00EEFF86 /* BookClubViewController.swift */; };
		81C6E0361E3D352B00EEFF86 /* BookClubViewController+TableView.swift in Sources */ = {isa = PBXBuildFile; fileRef = 81C6E02B1E3D352B00EEFF86 /* BookClubViewController+TableView.swift */; };
		81C6E0371E3D352B00EEFF86 /* Books.swift in Sources */ = {isa = PBXBuildFile; fileRef = 81C6E02C1E3D352B00EEFF86 /* Books.swift */; };
		81C6E0381E3D352B00EEFF86 /* BuyBookViewcontrollerViewController.swift in Sources */ = {isa = PBXBuildFile; fileRef = 81C6E02D1E3D352B00EEFF86 /* BuyBookViewcontrollerViewController.swift */; };
		81C6E0391E3D352B00EEFF86 /* CreateBookClub.swift in Sources */ = {isa = PBXBuildFile; fileRef = 81C6E02E1E3D352B00EEFF86 /* CreateBookClub.swift */; };
		81C6E03A1E3D352B00EEFF86 /* MyHomeViewController.swift in Sources */ = {isa = PBXBuildFile; fileRef = 81C6E02F1E3D352B00EEFF86 /* MyHomeViewController.swift */; };
		81C6E03B1E3D352B00EEFF86 /* SearchClubViewController.swift in Sources */ = {isa = PBXBuildFile; fileRef = 81C6E0301E3D352B00EEFF86 /* SearchClubViewController.swift */; };
		81C6E03C1E3D352B00EEFF86 /* User.swift in Sources */ = {isa = PBXBuildFile; fileRef = 81C6E0311E3D352B00EEFF86 /* User.swift */; };
		81C6E03D1E3D352B00EEFF86 /* UserBookNotes.swift in Sources */ = {isa = PBXBuildFile; fileRef = 81C6E0321E3D352B00EEFF86 /* UserBookNotes.swift */; };
		81C6E0401E3D353400EEFF86 /* AboutViewController.swift in Sources */ = {isa = PBXBuildFile; fileRef = 81C6E03E1E3D353400EEFF86 /* AboutViewController.swift */; };
		81C6E0411E3D353400EEFF86 /* AddBookReadViewController.swift in Sources */ = {isa = PBXBuildFile; fileRef = 81C6E03F1E3D353400EEFF86 /* AddBookReadViewController.swift */; };
		81C6E0431E3D354900EEFF86 /* Main.storyboard in Resources */ = {isa = PBXBuildFile; fileRef = 81C6E0421E3D354900EEFF86 /* Main.storyboard */; };
		81C6E0481E3D38BA00EEFF86 /* LoginViewController.swift in Sources */ = {isa = PBXBuildFile; fileRef = 81C6E0471E3D38BA00EEFF86 /* LoginViewController.swift */; };
		81C6E04A1E3D38D000EEFF86 /* PasswordResetViewController.swift in Sources */ = {isa = PBXBuildFile; fileRef = 81C6E0491E3D38D000EEFF86 /* PasswordResetViewController.swift */; };
		81C6E04E1E3D614200EEFF86 /* MyHomeTableviewCell.swift in Sources */ = {isa = PBXBuildFile; fileRef = 81C6E04D1E3D614200EEFF86 /* MyHomeTableviewCell.swift */; };
		C8B4DA9B69D97AC369359897 /* Pods_MyBookClubUITests.framework in Frameworks */ = {isa = PBXBuildFile; fileRef = 72D5D41BA41B4F307FF5F979 /* Pods_MyBookClubUITests.framework */; };
		D31ADF3B9EBFD6B7C8646248 /* Pods_MyBookClubTests.framework in Frameworks */ = {isa = PBXBuildFile; fileRef = 880C7DED4462D8D3CC45F527 /* Pods_MyBookClubTests.framework */; };
/* End PBXBuildFile section */

/* Begin PBXContainerItemProxy section */
		81C6DFFC1E3D34A400EEFF86 /* PBXContainerItemProxy */ = {
			isa = PBXContainerItemProxy;
			containerPortal = 81C6DFDF1E3D34A400EEFF86 /* Project object */;
			proxyType = 1;
			remoteGlobalIDString = 81C6DFE61E3D34A400EEFF86;
			remoteInfo = MyBookClub;
		};
		81C6E0071E3D34A400EEFF86 /* PBXContainerItemProxy */ = {
			isa = PBXContainerItemProxy;
			containerPortal = 81C6DFDF1E3D34A400EEFF86 /* Project object */;
			proxyType = 1;
			remoteGlobalIDString = 81C6DFE61E3D34A400EEFF86;
			remoteInfo = MyBookClub;
		};
/* End PBXContainerItemProxy section */

/* Begin PBXFileReference section */
		22B94D5182A5F9B2DE755CC3 /* Pods-MyBookClubUITests.debug.xcconfig */ = {isa = PBXFileReference; includeInIndex = 1; lastKnownFileType = text.xcconfig; name = "Pods-MyBookClubUITests.debug.xcconfig"; path = "Pods/Target Support Files/Pods-MyBookClubUITests/Pods-MyBookClubUITests.debug.xcconfig"; sourceTree = "<group>"; };
		4F65B337D48293BA0189D986 /* Pods-MyBookClubTests.release.xcconfig */ = {isa = PBXFileReference; includeInIndex = 1; lastKnownFileType = text.xcconfig; name = "Pods-MyBookClubTests.release.xcconfig"; path = "Pods/Target Support Files/Pods-MyBookClubTests/Pods-MyBookClubTests.release.xcconfig"; sourceTree = "<group>"; };
		50CBB65FF9249A314F6F4F23 /* Pods-MyBookClubTests.debug.xcconfig */ = {isa = PBXFileReference; includeInIndex = 1; lastKnownFileType = text.xcconfig; name = "Pods-MyBookClubTests.debug.xcconfig"; path = "Pods/Target Support Files/Pods-MyBookClubTests/Pods-MyBookClubTests.debug.xcconfig"; sourceTree = "<group>"; };
		72D5D41BA41B4F307FF5F979 /* Pods_MyBookClubUITests.framework */ = {isa = PBXFileReference; explicitFileType = wrapper.framework; includeInIndex = 0; path = Pods_MyBookClubUITests.framework; sourceTree = BUILT_PRODUCTS_DIR; };
		8155FFDE1E41A165001595E3 /* CoreTelephony.framework */ = {isa = PBXFileReference; lastKnownFileType = wrapper.framework; name = CoreTelephony.framework; path = System/Library/Frameworks/CoreTelephony.framework; sourceTree = SDKROOT; };
		816C75841E43C10C007BDC08 /* MyBookClub-Bridging-Header.h */ = {isa = PBXFileReference; lastKnownFileType = sourcecode.c.h; path = "MyBookClub-Bridging-Header.h"; sourceTree = "<group>"; };
		816C75851E43C10C007BDC08 /* Google Maps.h */ = {isa = PBXFileReference; fileEncoding = 4; lastKnownFileType = sourcecode.c.h; path = "Google Maps.h"; sourceTree = "<group>"; };
		816C75881E43C370007BDC08 /* MetalKit.framework */ = {isa = PBXFileReference; lastKnownFileType = wrapper.framework; name = MetalKit.framework; path = System/Library/Frameworks/MetalKit.framework; sourceTree = SDKROOT; };
		816C758A1E43C84E007BDC08 /* icon_me@2x.png */ = {isa = PBXFileReference; lastKnownFileType = image.png; path = "icon_me@2x.png"; sourceTree = "<group>"; };
		816C758C1E43C925007BDC08 /* MapViewViewController.swift */ = {isa = PBXFileReference; fileEncoding = 4; lastKnownFileType = sourcecode.swift; name = MapViewViewController.swift; path = ../MapViewViewController.swift; sourceTree = "<group>"; };
		81789CA61E41501E004AB152 /* MapKit.framework */ = {isa = PBXFileReference; lastKnownFileType = wrapper.framework; name = MapKit.framework; path = System/Library/Frameworks/MapKit.framework; sourceTree = SDKROOT; };
		81789CA81E415028004AB152 /* Contacts.framework */ = {isa = PBXFileReference; lastKnownFileType = wrapper.framework; name = Contacts.framework; path = System/Library/Frameworks/Contacts.framework; sourceTree = SDKROOT; };
		81789CAA1E41503D004AB152 /* AddressBook.framework */ = {isa = PBXFileReference; lastKnownFileType = wrapper.framework; name = AddressBook.framework; path = System/Library/Frameworks/AddressBook.framework; sourceTree = SDKROOT; };
		81789CAC1E41506F004AB152 /* WebKit.framework */ = {isa = PBXFileReference; lastKnownFileType = wrapper.framework; name = WebKit.framework; path = System/Library/Frameworks/WebKit.framework; sourceTree = SDKROOT; };
		81789CAE1E415320004AB152 /* CoreLocation.framework */ = {isa = PBXFileReference; lastKnownFileType = wrapper.framework; name = CoreLocation.framework; path = System/Library/Frameworks/CoreLocation.framework; sourceTree = SDKROOT; };
		81C6DFE71E3D34A400EEFF86 /* MyBookClub.app */ = {isa = PBXFileReference; explicitFileType = wrapper.application; includeInIndex = 0; path = MyBookClub.app; sourceTree = BUILT_PRODUCTS_DIR; };
		81C6DFEA1E3D34A400EEFF86 /* AppDelegate.swift */ = {isa = PBXFileReference; lastKnownFileType = sourcecode.swift; name = AppDelegate.swift; path = MyBookClub/AppDelegate.swift; sourceTree = "<group>"; };
		81C6DFF11E3D34A400EEFF86 /* Assets.xcassets */ = {isa = PBXFileReference; lastKnownFileType = folder.assetcatalog; name = Assets.xcassets; path = MyBookClub/Assets.xcassets; sourceTree = "<group>"; };
		81C6DFF41E3D34A400EEFF86 /* Base */ = {isa = PBXFileReference; lastKnownFileType = file.storyboard; name = Base; path = Base.lproj/LaunchScreen.storyboard; sourceTree = "<group>"; };
		81C6DFF61E3D34A400EEFF86 /* Info.plist */ = {isa = PBXFileReference; lastKnownFileType = text.plist.xml; name = Info.plist; path = MyBookClub/Info.plist; sourceTree = "<group>"; };
		81C6DFFB1E3D34A400EEFF86 /* MyBookClubTests.xctest */ = {isa = PBXFileReference; explicitFileType = wrapper.cfbundle; includeInIndex = 0; path = MyBookClubTests.xctest; sourceTree = BUILT_PRODUCTS_DIR; };
		81C6DFFF1E3D34A400EEFF86 /* MyBookClubTests.swift */ = {isa = PBXFileReference; lastKnownFileType = sourcecode.swift; path = MyBookClubTests.swift; sourceTree = "<group>"; };
		81C6E0011E3D34A400EEFF86 /* Info.plist */ = {isa = PBXFileReference; lastKnownFileType = text.plist.xml; path = Info.plist; sourceTree = "<group>"; };
		81C6E0061E3D34A400EEFF86 /* MyBookClubUITests.xctest */ = {isa = PBXFileReference; explicitFileType = wrapper.cfbundle; includeInIndex = 0; path = MyBookClubUITests.xctest; sourceTree = BUILT_PRODUCTS_DIR; };
		81C6E00A1E3D34A400EEFF86 /* MyBookClubUITests.swift */ = {isa = PBXFileReference; lastKnownFileType = sourcecode.swift; path = MyBookClubUITests.swift; sourceTree = "<group>"; };
		81C6E00C1E3D34A400EEFF86 /* Info.plist */ = {isa = PBXFileReference; lastKnownFileType = text.plist.xml; path = Info.plist; sourceTree = "<group>"; };
		81C6E01A1E3D34CF00EEFF86 /* backgroundImage.png */ = {isa = PBXFileReference; lastKnownFileType = image.png; name = backgroundImage.png; path = MyBookClub/backgroundImage.png; sourceTree = "<group>"; };
		81C6E01C1E3D34DC00EEFF86 /* BC30.png */ = {isa = PBXFileReference; lastKnownFileType = image.png; name = BC30.png; path = MyBookClub/BC30.png; sourceTree = "<group>"; };
		81C6E01E1E3D34E900EEFF86 /* home30.png */ = {isa = PBXFileReference; lastKnownFileType = image.png; name = home30.png; path = MyBookClub/home30.png; sourceTree = "<group>"; };
		81C6E0201E3D34F100EEFF86 /* BookClub40.png */ = {isa = PBXFileReference; lastKnownFileType = image.png; name = BookClub40.png; path = MyBookClub/BookClub40.png; sourceTree = "<group>"; };
		81C6E0221E3D34F800EEFF86 /* BookClub58.png */ = {isa = PBXFileReference; lastKnownFileType = image.png; name = BookClub58.png; path = MyBookClub/BookClub58.png; sourceTree = "<group>"; };
		81C6E0241E3D34FE00EEFF86 /* BookClub80.png */ = {isa = PBXFileReference; lastKnownFileType = image.png; name = BookClub80.png; path = MyBookClub/BookClub80.png; sourceTree = "<group>"; };
		81C6E0261E3D350400EEFF86 /* BookClub120.png */ = {isa = PBXFileReference; lastKnownFileType = image.png; name = BookClub120.png; path = MyBookClub/BookClub120.png; sourceTree = "<group>"; };
		81C6E0281E3D352B00EEFF86 /* BookClubMembersViewController.swift */ = {isa = PBXFileReference; fileEncoding = 4; lastKnownFileType = sourcecode.swift; path = BookClubMembersViewController.swift; sourceTree = "<group>"; };
		81C6E0291E3D352B00EEFF86 /* BookClubTableViewCell.swift */ = {isa = PBXFileReference; fileEncoding = 4; lastKnownFileType = sourcecode.swift; path = BookClubTableViewCell.swift; sourceTree = "<group>"; };
		81C6E02A1E3D352B00EEFF86 /* BookClubViewController.swift */ = {isa = PBXFileReference; fileEncoding = 4; lastKnownFileType = sourcecode.swift; path = BookClubViewController.swift; sourceTree = "<group>"; };
		81C6E02B1E3D352B00EEFF86 /* BookClubViewController+TableView.swift */ = {isa = PBXFileReference; fileEncoding = 4; lastKnownFileType = sourcecode.swift; path = "BookClubViewController+TableView.swift"; sourceTree = "<group>"; };
		81C6E02C1E3D352B00EEFF86 /* Books.swift */ = {isa = PBXFileReference; fileEncoding = 4; lastKnownFileType = sourcecode.swift; name = Books.swift; path = MyBookClub/Books.swift; sourceTree = "<group>"; };
		81C6E02D1E3D352B00EEFF86 /* BuyBookViewcontrollerViewController.swift */ = {isa = PBXFileReference; fileEncoding = 4; lastKnownFileType = sourcecode.swift; path = BuyBookViewcontrollerViewController.swift; sourceTree = "<group>"; };
		81C6E02E1E3D352B00EEFF86 /* CreateBookClub.swift */ = {isa = PBXFileReference; fileEncoding = 4; lastKnownFileType = sourcecode.swift; path = CreateBookClub.swift; sourceTree = "<group>"; };
		81C6E02F1E3D352B00EEFF86 /* MyHomeViewController.swift */ = {isa = PBXFileReference; fileEncoding = 4; lastKnownFileType = sourcecode.swift; path = MyHomeViewController.swift; sourceTree = "<group>"; };
		81C6E0301E3D352B00EEFF86 /* SearchClubViewController.swift */ = {isa = PBXFileReference; fileEncoding = 4; lastKnownFileType = sourcecode.swift; path = SearchClubViewController.swift; sourceTree = "<group>"; };
		81C6E0311E3D352B00EEFF86 /* User.swift */ = {isa = PBXFileReference; fileEncoding = 4; lastKnownFileType = sourcecode.swift; name = User.swift; path = MyBookClub/User.swift; sourceTree = "<group>"; };
		81C6E0321E3D352B00EEFF86 /* UserBookNotes.swift */ = {isa = PBXFileReference; fileEncoding = 4; lastKnownFileType = sourcecode.swift; path = UserBookNotes.swift; sourceTree = "<group>"; };
		81C6E03E1E3D353400EEFF86 /* AboutViewController.swift */ = {isa = PBXFileReference; fileEncoding = 4; lastKnownFileType = sourcecode.swift; path = AboutViewController.swift; sourceTree = "<group>"; };
		81C6E03F1E3D353400EEFF86 /* AddBookReadViewController.swift */ = {isa = PBXFileReference; fileEncoding = 4; lastKnownFileType = sourcecode.swift; path = AddBookReadViewController.swift; sourceTree = "<group>"; };
		81C6E0421E3D354900EEFF86 /* Main.storyboard */ = {isa = PBXFileReference; fileEncoding = 4; lastKnownFileType = file.storyboard; name = Main.storyboard; path = MyBookClub/Main.storyboard; sourceTree = "<group>"; };
		81C6E0471E3D38BA00EEFF86 /* LoginViewController.swift */ = {isa = PBXFileReference; fileEncoding = 4; lastKnownFileType = sourcecode.swift; path = LoginViewController.swift; sourceTree = "<group>"; };
		81C6E0491E3D38D000EEFF86 /* PasswordResetViewController.swift */ = {isa = PBXFileReference; fileEncoding = 4; lastKnownFileType = sourcecode.swift; path = PasswordResetViewController.swift; sourceTree = "<group>"; };
		81C6E04D1E3D614200EEFF86 /* MyHomeTableviewCell.swift */ = {isa = PBXFileReference; fileEncoding = 4; lastKnownFileType = sourcecode.swift; path = MyHomeTableviewCell.swift; sourceTree = "<group>"; };
		81FC2BE41E417516008DDD38 /* CarrierBundleUtilities.tbd */ = {isa = PBXFileReference; lastKnownFileType = "sourcecode.text-based-dylib-definition"; name = CarrierBundleUtilities.tbd; path = usr/lib/CarrierBundleUtilities.tbd; sourceTree = SDKROOT; };
		880C7DED4462D8D3CC45F527 /* Pods_MyBookClubTests.framework */ = {isa = PBXFileReference; explicitFileType = wrapper.framework; includeInIndex = 0; path = Pods_MyBookClubTests.framework; sourceTree = BUILT_PRODUCTS_DIR; };
		D0D52B481D67DB44CBAE9ABF /* Pods_MyBookClub.framework */ = {isa = PBXFileReference; explicitFileType = wrapper.framework; includeInIndex = 0; path = Pods_MyBookClub.framework; sourceTree = BUILT_PRODUCTS_DIR; };
		E9B16138F862C0936E7F3E60 /* Pods-MyBookClub.debug.xcconfig */ = {isa = PBXFileReference; includeInIndex = 1; lastKnownFileType = text.xcconfig; name = "Pods-MyBookClub.debug.xcconfig"; path = "Pods/Target Support Files/Pods-MyBookClub/Pods-MyBookClub.debug.xcconfig"; sourceTree = "<group>"; };
		EB8FD7953CBF6AF5805C0A47 /* Pods-MyBookClubUITests.release.xcconfig */ = {isa = PBXFileReference; includeInIndex = 1; lastKnownFileType = text.xcconfig; name = "Pods-MyBookClubUITests.release.xcconfig"; path = "Pods/Target Support Files/Pods-MyBookClubUITests/Pods-MyBookClubUITests.release.xcconfig"; sourceTree = "<group>"; };
		EBC86007403BCF853B6D5705 /* Pods-MyBookClub.release.xcconfig */ = {isa = PBXFileReference; includeInIndex = 1; lastKnownFileType = text.xcconfig; name = "Pods-MyBookClub.release.xcconfig"; path = "Pods/Target Support Files/Pods-MyBookClub/Pods-MyBookClub.release.xcconfig"; sourceTree = "<group>"; };
/* End PBXFileReference section */

/* Begin PBXFrameworksBuildPhase section */
		81C6DFE41E3D34A400EEFF86 /* Frameworks */ = {
			isa = PBXFrameworksBuildPhase;
			buildActionMask = 2147483647;
			files = (
				816C75891E43C370007BDC08 /* MetalKit.framework in Frameworks */,
				8155FFDF1E41A165001595E3 /* CoreTelephony.framework in Frameworks */,
				81789CAF1E415320004AB152 /* CoreLocation.framework in Frameworks */,
				81789CAD1E41506F004AB152 /* WebKit.framework in Frameworks */,
				81789CAB1E41503D004AB152 /* AddressBook.framework in Frameworks */,
				81789CA91E415028004AB152 /* Contacts.framework in Frameworks */,
				81789CA71E41501E004AB152 /* MapKit.framework in Frameworks */,
				13A9AAEF705324A98777EB0C /* Pods_MyBookClub.framework in Frameworks */,
			);
			runOnlyForDeploymentPostprocessing = 0;
		};
		81C6DFF81E3D34A400EEFF86 /* Frameworks */ = {
			isa = PBXFrameworksBuildPhase;
			buildActionMask = 2147483647;
			files = (
				D31ADF3B9EBFD6B7C8646248 /* Pods_MyBookClubTests.framework in Frameworks */,
			);
			runOnlyForDeploymentPostprocessing = 0;
		};
		81C6E0031E3D34A400EEFF86 /* Frameworks */ = {
			isa = PBXFrameworksBuildPhase;
			buildActionMask = 2147483647;
			files = (
				C8B4DA9B69D97AC369359897 /* Pods_MyBookClubUITests.framework in Frameworks */,
			);
			runOnlyForDeploymentPostprocessing = 0;
		};
/* End PBXFrameworksBuildPhase section */

/* Begin PBXGroup section */
		585EAEE0A25181B14143AD20 /* Pods */ = {
			isa = PBXGroup;
			children = (
				E9B16138F862C0936E7F3E60 /* Pods-MyBookClub.debug.xcconfig */,
				EBC86007403BCF853B6D5705 /* Pods-MyBookClub.release.xcconfig */,
				50CBB65FF9249A314F6F4F23 /* Pods-MyBookClubTests.debug.xcconfig */,
				4F65B337D48293BA0189D986 /* Pods-MyBookClubTests.release.xcconfig */,
				22B94D5182A5F9B2DE755CC3 /* Pods-MyBookClubUITests.debug.xcconfig */,
				EB8FD7953CBF6AF5805C0A47 /* Pods-MyBookClubUITests.release.xcconfig */,
			);
			name = Pods;
			sourceTree = "<group>";
		};
		81789CA51E41501D004AB152 /* Frameworks */ = {
			isa = PBXGroup;
			children = (
				816C75881E43C370007BDC08 /* MetalKit.framework */,
				8155FFDE1E41A165001595E3 /* CoreTelephony.framework */,
				81FC2BE41E417516008DDD38 /* CarrierBundleUtilities.tbd */,
				81789CAE1E415320004AB152 /* CoreLocation.framework */,
				81789CAC1E41506F004AB152 /* WebKit.framework */,
				81789CAA1E41503D004AB152 /* AddressBook.framework */,
				81789CA81E415028004AB152 /* Contacts.framework */,
				81789CA61E41501E004AB152 /* MapKit.framework */,
				D0D52B481D67DB44CBAE9ABF /* Pods_MyBookClub.framework */,
				880C7DED4462D8D3CC45F527 /* Pods_MyBookClubTests.framework */,
				72D5D41BA41B4F307FF5F979 /* Pods_MyBookClubUITests.framework */,
			);
			name = Frameworks;
			sourceTree = "<group>";
		};
		81C6DFDE1E3D34A400EEFF86 = {
			isa = PBXGroup;
			children = (
				816C75851E43C10C007BDC08 /* Google Maps.h */,
				81C6E0451E3D37CC00EEFF86 /* VIEWS */,
				81C6E0441E3D37C200EEFF86 /* MODALS */,
				81C6DFE91E3D34A400EEFF86 /* CONTROLLERS */,
				81C6E0461E3D37D700EEFF86 /* SUPPORTING */,
				81C6DFFE1E3D34A400EEFF86 /* MyBookClubTests */,
				81C6E0091E3D34A400EEFF86 /* MyBookClubUITests */,
				81C6DFE81E3D34A400EEFF86 /* Products */,
				81789CA51E41501D004AB152 /* Frameworks */,
				585EAEE0A25181B14143AD20 /* Pods */,
				816C75841E43C10C007BDC08 /* MyBookClub-Bridging-Header.h */,
			);
			sourceTree = "<group>";
		};
		81C6DFE81E3D34A400EEFF86 /* Products */ = {
			isa = PBXGroup;
			children = (
				81C6DFE71E3D34A400EEFF86 /* MyBookClub.app */,
				81C6DFFB1E3D34A400EEFF86 /* MyBookClubTests.xctest */,
				81C6E0061E3D34A400EEFF86 /* MyBookClubUITests.xctest */,
			);
			name = Products;
			sourceTree = "<group>";
		};
		81C6DFE91E3D34A400EEFF86 /* CONTROLLERS */ = {
			isa = PBXGroup;
			children = (
				81C6E0471E3D38BA00EEFF86 /* LoginViewController.swift */,
				81C6E0491E3D38D000EEFF86 /* PasswordResetViewController.swift */,
				81C6E03E1E3D353400EEFF86 /* AboutViewController.swift */,
				816C758C1E43C925007BDC08 /* MapViewViewController.swift */,
				81C6E03F1E3D353400EEFF86 /* AddBookReadViewController.swift */,
				81C6E0281E3D352B00EEFF86 /* BookClubMembersViewController.swift */,
				81C6E02A1E3D352B00EEFF86 /* BookClubViewController.swift */,
				81C6E0291E3D352B00EEFF86 /* BookClubTableViewCell.swift */,
				81C6E02B1E3D352B00EEFF86 /* BookClubViewController+TableView.swift */,
				81C6E02D1E3D352B00EEFF86 /* BuyBookViewcontrollerViewController.swift */,
				81C6E02E1E3D352B00EEFF86 /* CreateBookClub.swift */,
				81C6E02F1E3D352B00EEFF86 /* MyHomeViewController.swift */,
				81C6E04D1E3D614200EEFF86 /* MyHomeTableviewCell.swift */,
				81C6E0301E3D352B00EEFF86 /* SearchClubViewController.swift */,
				81C6E0321E3D352B00EEFF86 /* UserBookNotes.swift */,
			);
			name = CONTROLLERS;
			path = MyBookClub;
			sourceTree = "<group>";
		};
		81C6DFFE1E3D34A400EEFF86 /* MyBookClubTests */ = {
			isa = PBXGroup;
			children = (
				81C6DFFF1E3D34A400EEFF86 /* MyBookClubTests.swift */,
				81C6E0011E3D34A400EEFF86 /* Info.plist */,
			);
			path = MyBookClubTests;
			sourceTree = "<group>";
		};
		81C6E0091E3D34A400EEFF86 /* MyBookClubUITests */ = {
			isa = PBXGroup;
			children = (
				81C6E00A1E3D34A400EEFF86 /* MyBookClubUITests.swift */,
				81C6E00C1E3D34A400EEFF86 /* Info.plist */,
			);
			path = MyBookClubUITests;
			sourceTree = "<group>";
		};
		81C6E0441E3D37C200EEFF86 /* MODALS */ = {
			isa = PBXGroup;
			children = (
				81C6DFEA1E3D34A400EEFF86 /* AppDelegate.swift */,
				81C6E0311E3D352B00EEFF86 /* User.swift */,
				81C6E02C1E3D352B00EEFF86 /* Books.swift */,
			);
			name = MODALS;
			sourceTree = "<group>";
		};
		81C6E0451E3D37CC00EEFF86 /* VIEWS */ = {
			isa = PBXGroup;
			children = (
				81C6E0421E3D354900EEFF86 /* Main.storyboard */,
				81C6DFF31E3D34A400EEFF86 /* LaunchScreen.storyboard */,
			);
			name = VIEWS;
			sourceTree = "<group>";
		};
		81C6E0461E3D37D700EEFF86 /* SUPPORTING */ = {
			isa = PBXGroup;
			children = (
				816C758A1E43C84E007BDC08 /* icon_me@2x.png */,
				81C6DFF11E3D34A400EEFF86 /* Assets.xcassets */,
				81C6E0201E3D34F100EEFF86 /* BookClub40.png */,
				81C6E0221E3D34F800EEFF86 /* BookClub58.png */,
				81C6E0241E3D34FE00EEFF86 /* BookClub80.png */,
				81C6E0261E3D350400EEFF86 /* BookClub120.png */,
				81C6E01E1E3D34E900EEFF86 /* home30.png */,
				81C6E01A1E3D34CF00EEFF86 /* backgroundImage.png */,
				81C6E01C1E3D34DC00EEFF86 /* BC30.png */,
				81C6DFF61E3D34A400EEFF86 /* Info.plist */,
			);
			name = SUPPORTING;
			sourceTree = "<group>";
		};
/* End PBXGroup section */

/* Begin PBXNativeTarget section */
		81C6DFE61E3D34A400EEFF86 /* MyBookClub */ = {
			isa = PBXNativeTarget;
			buildConfigurationList = 81C6E00F1E3D34A400EEFF86 /* Build configuration list for PBXNativeTarget "MyBookClub" */;
			buildPhases = (
				D600D8F4A6D52984894ECDE1 /* [CP] Check Pods Manifest.lock */,
				81C6DFE31E3D34A400EEFF86 /* Sources */,
				81C6DFE41E3D34A400EEFF86 /* Frameworks */,
				81C6DFE51E3D34A400EEFF86 /* Resources */,
				0FD379255896DF3C417E39DD /* [CP] Embed Pods Frameworks */,
				E6CBA713EF10CE27EB8EFE29 /* [CP] Copy Pods Resources */,
			);
			buildRules = (
			);
			dependencies = (
			);
			name = MyBookClub;
			productName = MyBookClub;
			productReference = 81C6DFE71E3D34A400EEFF86 /* MyBookClub.app */;
			productType = "com.apple.product-type.application";
		};
		81C6DFFA1E3D34A400EEFF86 /* MyBookClubTests */ = {
			isa = PBXNativeTarget;
			buildConfigurationList = 81C6E0121E3D34A400EEFF86 /* Build configuration list for PBXNativeTarget "MyBookClubTests" */;
			buildPhases = (
				6FFB6A03CFF634567EFCDB00 /* [CP] Check Pods Manifest.lock */,
				81C6DFF71E3D34A400EEFF86 /* Sources */,
				81C6DFF81E3D34A400EEFF86 /* Frameworks */,
				81C6DFF91E3D34A400EEFF86 /* Resources */,
				31B183A3BC1D545DE23A417E /* [CP] Embed Pods Frameworks */,
				03E27B3AD27B4A0479752339 /* [CP] Copy Pods Resources */,
			);
			buildRules = (
			);
			dependencies = (
				81C6DFFD1E3D34A400EEFF86 /* PBXTargetDependency */,
			);
			name = MyBookClubTests;
			productName = MyBookClubTests;
			productReference = 81C6DFFB1E3D34A400EEFF86 /* MyBookClubTests.xctest */;
			productType = "com.apple.product-type.bundle.unit-test";
		};
		81C6E0051E3D34A400EEFF86 /* MyBookClubUITests */ = {
			isa = PBXNativeTarget;
			buildConfigurationList = 81C6E0151E3D34A400EEFF86 /* Build configuration list for PBXNativeTarget "MyBookClubUITests" */;
			buildPhases = (
				DF9D13109C88F3FF34424A18 /* [CP] Check Pods Manifest.lock */,
				81C6E0021E3D34A400EEFF86 /* Sources */,
				81C6E0031E3D34A400EEFF86 /* Frameworks */,
				81C6E0041E3D34A400EEFF86 /* Resources */,
				B7791B1F7270132A76ECB1EE /* [CP] Embed Pods Frameworks */,
				55CF93259B3E09C79DDBD186 /* [CP] Copy Pods Resources */,
			);
			buildRules = (
			);
			dependencies = (
				81C6E0081E3D34A400EEFF86 /* PBXTargetDependency */,
			);
			name = MyBookClubUITests;
			productName = MyBookClubUITests;
			productReference = 81C6E0061E3D34A400EEFF86 /* MyBookClubUITests.xctest */;
			productType = "com.apple.product-type.bundle.ui-testing";
		};
/* End PBXNativeTarget section */

/* Begin PBXProject section */
		81C6DFDF1E3D34A400EEFF86 /* Project object */ = {
			isa = PBXProject;
			attributes = {
				LastSwiftUpdateCheck = 0820;
				LastUpgradeCheck = 0820;
				ORGANIZATIONNAME = "Fenix Design";
				TargetAttributes = {
					81C6DFE61E3D34A400EEFF86 = {
						CreatedOnToolsVersion = 8.2.1;
						DevelopmentTeam = LK662Y5U4K;
						LastSwiftMigration = 0830;
						ProvisioningStyle = Automatic;
					};
					81C6DFFA1E3D34A400EEFF86 = {
						CreatedOnToolsVersion = 8.2.1;
						DevelopmentTeam = LK662Y5U4K;
						ProvisioningStyle = Automatic;
						TestTargetID = 81C6DFE61E3D34A400EEFF86;
					};
					81C6E0051E3D34A400EEFF86 = {
						CreatedOnToolsVersion = 8.2.1;
						DevelopmentTeam = LK662Y5U4K;
						ProvisioningStyle = Automatic;
						TestTargetID = 81C6DFE61E3D34A400EEFF86;
					};
				};
			};
			buildConfigurationList = 81C6DFE21E3D34A400EEFF86 /* Build configuration list for PBXProject "MyBookClub" */;
			compatibilityVersion = "Xcode 3.2";
			developmentRegion = English;
			hasScannedForEncodings = 0;
			knownRegions = (
				en,
				Base,
			);
			mainGroup = 81C6DFDE1E3D34A400EEFF86;
			productRefGroup = 81C6DFE81E3D34A400EEFF86 /* Products */;
			projectDirPath = "";
			projectRoot = "";
			targets = (
				81C6DFE61E3D34A400EEFF86 /* MyBookClub */,
				81C6DFFA1E3D34A400EEFF86 /* MyBookClubTests */,
				81C6E0051E3D34A400EEFF86 /* MyBookClubUITests */,
			);
		};
/* End PBXProject section */

/* Begin PBXResourcesBuildPhase section */
		81C6DFE51E3D34A400EEFF86 /* Resources */ = {
			isa = PBXResourcesBuildPhase;
			buildActionMask = 2147483647;
			files = (
				81C6DFF51E3D34A400EEFF86 /* LaunchScreen.storyboard in Resources */,
				81C6E01F1E3D34E900EEFF86 /* home30.png in Resources */,
				81C6E0231E3D34F800EEFF86 /* BookClub58.png in Resources */,
				81C6DFF21E3D34A400EEFF86 /* Assets.xcassets in Resources */,
				81C6E0251E3D34FE00EEFF86 /* BookClub80.png in Resources */,
				81C6E0431E3D354900EEFF86 /* Main.storyboard in Resources */,
				81C6E01D1E3D34DC00EEFF86 /* BC30.png in Resources */,
				81C6E0271E3D350400EEFF86 /* BookClub120.png in Resources */,
				81C6E01B1E3D34CF00EEFF86 /* backgroundImage.png in Resources */,
				81C6E0211E3D34F100EEFF86 /* BookClub40.png in Resources */,
				816C758B1E43C84E007BDC08 /* icon_me@2x.png in Resources */,
			);
			runOnlyForDeploymentPostprocessing = 0;
		};
		81C6DFF91E3D34A400EEFF86 /* Resources */ = {
			isa = PBXResourcesBuildPhase;
			buildActionMask = 2147483647;
			files = (
			);
			runOnlyForDeploymentPostprocessing = 0;
		};
		81C6E0041E3D34A400EEFF86 /* Resources */ = {
			isa = PBXResourcesBuildPhase;
			buildActionMask = 2147483647;
			files = (
			);
			runOnlyForDeploymentPostprocessing = 0;
		};
/* End PBXResourcesBuildPhase section */

/* Begin PBXShellScriptBuildPhase section */
		03E27B3AD27B4A0479752339 /* [CP] Copy Pods Resources */ = {
			isa = PBXShellScriptBuildPhase;
			buildActionMask = 2147483647;
			files = (
			);
			inputPaths = (
			);
			name = "[CP] Copy Pods Resources";
			outputPaths = (
			);
			runOnlyForDeploymentPostprocessing = 0;
			shellPath = /bin/sh;
			shellScript = "\"${SRCROOT}/Pods/Target Support Files/Pods-MyBookClubTests/Pods-MyBookClubTests-resources.sh\"\n";
			showEnvVarsInLog = 0;
		};
		0FD379255896DF3C417E39DD /* [CP] Embed Pods Frameworks */ = {
			isa = PBXShellScriptBuildPhase;
			buildActionMask = 2147483647;
			files = (
			);
			inputPaths = (
			);
			name = "[CP] Embed Pods Frameworks";
			outputPaths = (
			);
			runOnlyForDeploymentPostprocessing = 0;
			shellPath = /bin/sh;
			shellScript = "\"${SRCROOT}/Pods/Target Support Files/Pods-MyBookClub/Pods-MyBookClub-frameworks.sh\"\n";
			showEnvVarsInLog = 0;
		};
		31B183A3BC1D545DE23A417E /* [CP] Embed Pods Frameworks */ = {
			isa = PBXShellScriptBuildPhase;
			buildActionMask = 2147483647;
			files = (
			);
			inputPaths = (
			);
			name = "[CP] Embed Pods Frameworks";
			outputPaths = (
			);
			runOnlyForDeploymentPostprocessing = 0;
			shellPath = /bin/sh;
			shellScript = "\"${SRCROOT}/Pods/Target Support Files/Pods-MyBookClubTests/Pods-MyBookClubTests-frameworks.sh\"\n";
			showEnvVarsInLog = 0;
		};
		55CF93259B3E09C79DDBD186 /* [CP] Copy Pods Resources */ = {
			isa = PBXShellScriptBuildPhase;
			buildActionMask = 2147483647;
			files = (
			);
			inputPaths = (
			);
			name = "[CP] Copy Pods Resources";
			outputPaths = (
			);
			runOnlyForDeploymentPostprocessing = 0;
			shellPath = /bin/sh;
			shellScript = "\"${SRCROOT}/Pods/Target Support Files/Pods-MyBookClubUITests/Pods-MyBookClubUITests-resources.sh\"\n";
			showEnvVarsInLog = 0;
		};
		6FFB6A03CFF634567EFCDB00 /* [CP] Check Pods Manifest.lock */ = {
			isa = PBXShellScriptBuildPhase;
			buildActionMask = 2147483647;
			files = (
			);
			inputPaths = (
			);
			name = "[CP] Check Pods Manifest.lock";
			outputPaths = (
			);
			runOnlyForDeploymentPostprocessing = 0;
			shellPath = /bin/sh;
			shellScript = "diff \"${PODS_ROOT}/../Podfile.lock\" \"${PODS_ROOT}/Manifest.lock\" > /dev/null\nif [ $? != 0 ] ; then\n    # print error to STDERR\n    echo \"error: The sandbox is not in sync with the Podfile.lock. Run 'pod install' or update your CocoaPods installation.\" >&2\n    exit 1\nfi\n";
			showEnvVarsInLog = 0;
		};
		B7791B1F7270132A76ECB1EE /* [CP] Embed Pods Frameworks */ = {
			isa = PBXShellScriptBuildPhase;
			buildActionMask = 2147483647;
			files = (
			);
			inputPaths = (
			);
			name = "[CP] Embed Pods Frameworks";
			outputPaths = (
			);
			runOnlyForDeploymentPostprocessing = 0;
			shellPath = /bin/sh;
			shellScript = "\"${SRCROOT}/Pods/Target Support Files/Pods-MyBookClubUITests/Pods-MyBookClubUITests-frameworks.sh\"\n";
			showEnvVarsInLog = 0;
		};
		D600D8F4A6D52984894ECDE1 /* [CP] Check Pods Manifest.lock */ = {
			isa = PBXShellScriptBuildPhase;
			buildActionMask = 2147483647;
			files = (
			);
			inputPaths = (
			);
			name = "[CP] Check Pods Manifest.lock";
			outputPaths = (
			);
			runOnlyForDeploymentPostprocessing = 0;
			shellPath = /bin/sh;
			shellScript = "diff \"${PODS_ROOT}/../Podfile.lock\" \"${PODS_ROOT}/Manifest.lock\" > /dev/null\nif [ $? != 0 ] ; then\n    # print error to STDERR\n    echo \"error: The sandbox is not in sync with the Podfile.lock. Run 'pod install' or update your CocoaPods installation.\" >&2\n    exit 1\nfi\n";
			showEnvVarsInLog = 0;
		};
		DF9D13109C88F3FF34424A18 /* [CP] Check Pods Manifest.lock */ = {
			isa = PBXShellScriptBuildPhase;
			buildActionMask = 2147483647;
			files = (
			);
			inputPaths = (
			);
			name = "[CP] Check Pods Manifest.lock";
			outputPaths = (
			);
			runOnlyForDeploymentPostprocessing = 0;
			shellPath = /bin/sh;
			shellScript = "diff \"${PODS_ROOT}/../Podfile.lock\" \"${PODS_ROOT}/Manifest.lock\" > /dev/null\nif [ $? != 0 ] ; then\n    # print error to STDERR\n    echo \"error: The sandbox is not in sync with the Podfile.lock. Run 'pod install' or update your CocoaPods installation.\" >&2\n    exit 1\nfi\n";
			showEnvVarsInLog = 0;
		};
		E6CBA713EF10CE27EB8EFE29 /* [CP] Copy Pods Resources */ = {
			isa = PBXShellScriptBuildPhase;
			buildActionMask = 2147483647;
			files = (
			);
			inputPaths = (
			);
			name = "[CP] Copy Pods Resources";
			outputPaths = (
			);
			runOnlyForDeploymentPostprocessing = 0;
			shellPath = /bin/sh;
			shellScript = "\"${SRCROOT}/Pods/Target Support Files/Pods-MyBookClub/Pods-MyBookClub-resources.sh\"\n";
			showEnvVarsInLog = 0;
		};
/* End PBXShellScriptBuildPhase section */

/* Begin PBXSourcesBuildPhase section */
		81C6DFE31E3D34A400EEFF86 /* Sources */ = {
			isa = PBXSourcesBuildPhase;
			buildActionMask = 2147483647;
			files = (
				81C6E0371E3D352B00EEFF86 /* Books.swift in Sources */,
				81C6DFEB1E3D34A400EEFF86 /* AppDelegate.swift in Sources */,
				81C6E0331E3D352B00EEFF86 /* BookClubMembersViewController.swift in Sources */,
				81C6E04A1E3D38D000EEFF86 /* PasswordResetViewController.swift in Sources */,
				81C6E0481E3D38BA00EEFF86 /* LoginViewController.swift in Sources */,
				81C6E0341E3D352B00EEFF86 /* BookClubTableViewCell.swift in Sources */,
				81C6E0391E3D352B00EEFF86 /* CreateBookClub.swift in Sources */,
				81C6E03D1E3D352B00EEFF86 /* UserBookNotes.swift in Sources */,
				816C758D1E43C925007BDC08 /* MapViewViewController.swift in Sources */,
				81C6E0361E3D352B00EEFF86 /* BookClubViewController+TableView.swift in Sources */,
				81C6E0411E3D353400EEFF86 /* AddBookReadViewController.swift in Sources */,
				81C6E04E1E3D614200EEFF86 /* MyHomeTableviewCell.swift in Sources */,
				81C6E03B1E3D352B00EEFF86 /* SearchClubViewController.swift in Sources */,
				81C6E0351E3D352B00EEFF86 /* BookClubViewController.swift in Sources */,
				81C6E03A1E3D352B00EEFF86 /* MyHomeViewController.swift in Sources */,
				81C6E0381E3D352B00EEFF86 /* BuyBookViewcontrollerViewController.swift in Sources */,
				81C6E0401E3D353400EEFF86 /* AboutViewController.swift in Sources */,
				81C6E03C1E3D352B00EEFF86 /* User.swift in Sources */,
			);
			runOnlyForDeploymentPostprocessing = 0;
		};
		81C6DFF71E3D34A400EEFF86 /* Sources */ = {
			isa = PBXSourcesBuildPhase;
			buildActionMask = 2147483647;
			files = (
				81C6E0001E3D34A400EEFF86 /* MyBookClubTests.swift in Sources */,
			);
			runOnlyForDeploymentPostprocessing = 0;
		};
		81C6E0021E3D34A400EEFF86 /* Sources */ = {
			isa = PBXSourcesBuildPhase;
			buildActionMask = 2147483647;
			files = (
				81C6E00B1E3D34A400EEFF86 /* MyBookClubUITests.swift in Sources */,
			);
			runOnlyForDeploymentPostprocessing = 0;
		};
/* End PBXSourcesBuildPhase section */

/* Begin PBXTargetDependency section */
		81C6DFFD1E3D34A400EEFF86 /* PBXTargetDependency */ = {
			isa = PBXTargetDependency;
			target = 81C6DFE61E3D34A400EEFF86 /* MyBookClub */;
			targetProxy = 81C6DFFC1E3D34A400EEFF86 /* PBXContainerItemProxy */;
		};
		81C6E0081E3D34A400EEFF86 /* PBXTargetDependency */ = {
			isa = PBXTargetDependency;
			target = 81C6DFE61E3D34A400EEFF86 /* MyBookClub */;
			targetProxy = 81C6E0071E3D34A400EEFF86 /* PBXContainerItemProxy */;
		};
/* End PBXTargetDependency section */

/* Begin PBXVariantGroup section */
		81C6DFF31E3D34A400EEFF86 /* LaunchScreen.storyboard */ = {
			isa = PBXVariantGroup;
			children = (
				81C6DFF41E3D34A400EEFF86 /* Base */,
			);
			name = LaunchScreen.storyboard;
			path = MyBookClub;
			sourceTree = "<group>";
		};
/* End PBXVariantGroup section */

/* Begin XCBuildConfiguration section */
		81C6E00D1E3D34A400EEFF86 /* Debug */ = {
			isa = XCBuildConfiguration;
			buildSettings = {
				ALWAYS_SEARCH_USER_PATHS = NO;
				CLANG_ANALYZER_NONNULL = YES;
				CLANG_CXX_LANGUAGE_STANDARD = "gnu++0x";
				CLANG_CXX_LIBRARY = "libc++";
				CLANG_ENABLE_MODULES = YES;
				CLANG_ENABLE_OBJC_ARC = YES;
				CLANG_WARN_BOOL_CONVERSION = YES;
				CLANG_WARN_CONSTANT_CONVERSION = YES;
				CLANG_WARN_DIRECT_OBJC_ISA_USAGE = YES_ERROR;
				CLANG_WARN_DOCUMENTATION_COMMENTS = YES;
				CLANG_WARN_EMPTY_BODY = YES;
				CLANG_WARN_ENUM_CONVERSION = YES;
				CLANG_WARN_INFINITE_RECURSION = YES;
				CLANG_WARN_INT_CONVERSION = YES;
				CLANG_WARN_OBJC_ROOT_CLASS = YES_ERROR;
				CLANG_WARN_SUSPICIOUS_MOVE = YES;
				CLANG_WARN_UNREACHABLE_CODE = YES;
				CLANG_WARN__DUPLICATE_METHOD_MATCH = YES;
				"CODE_SIGN_IDENTITY[sdk=iphoneos*]" = "iPhone Developer";
				COPY_PHASE_STRIP = NO;
				DEBUG_INFORMATION_FORMAT = dwarf;
				ENABLE_STRICT_OBJC_MSGSEND = YES;
				ENABLE_TESTABILITY = YES;
				GCC_C_LANGUAGE_STANDARD = gnu99;
				GCC_DYNAMIC_NO_PIC = NO;
				GCC_NO_COMMON_BLOCKS = YES;
				GCC_OPTIMIZATION_LEVEL = 0;
				GCC_PREPROCESSOR_DEFINITIONS = (
					"DEBUG=1",
					"$(inherited)",
				);
				GCC_WARN_64_TO_32_BIT_CONVERSION = YES;
				GCC_WARN_ABOUT_RETURN_TYPE = YES_ERROR;
				GCC_WARN_UNDECLARED_SELECTOR = YES;
				GCC_WARN_UNINITIALIZED_AUTOS = YES_AGGRESSIVE;
				GCC_WARN_UNUSED_FUNCTION = YES;
				GCC_WARN_UNUSED_VARIABLE = YES;
				IPHONEOS_DEPLOYMENT_TARGET = 10.2;
				MTL_ENABLE_DEBUG_INFO = YES;
				ONLY_ACTIVE_ARCH = YES;
				SDKROOT = iphoneos;
				SWIFT_ACTIVE_COMPILATION_CONDITIONS = DEBUG;
				SWIFT_OPTIMIZATION_LEVEL = "-Onone";
				TARGETED_DEVICE_FAMILY = "1,2";
			};
			name = Debug;
		};
		81C6E00E1E3D34A400EEFF86 /* Release */ = {
			isa = XCBuildConfiguration;
			buildSettings = {
				ALWAYS_SEARCH_USER_PATHS = NO;
				CLANG_ANALYZER_NONNULL = YES;
				CLANG_CXX_LANGUAGE_STANDARD = "gnu++0x";
				CLANG_CXX_LIBRARY = "libc++";
				CLANG_ENABLE_MODULES = YES;
				CLANG_ENABLE_OBJC_ARC = YES;
				CLANG_WARN_BOOL_CONVERSION = YES;
				CLANG_WARN_CONSTANT_CONVERSION = YES;
				CLANG_WARN_DIRECT_OBJC_ISA_USAGE = YES_ERROR;
				CLANG_WARN_DOCUMENTATION_COMMENTS = YES;
				CLANG_WARN_EMPTY_BODY = YES;
				CLANG_WARN_ENUM_CONVERSION = YES;
				CLANG_WARN_INFINITE_RECURSION = YES;
				CLANG_WARN_INT_CONVERSION = YES;
				CLANG_WARN_OBJC_ROOT_CLASS = YES_ERROR;
				CLANG_WARN_SUSPICIOUS_MOVE = YES;
				CLANG_WARN_UNREACHABLE_CODE = YES;
				CLANG_WARN__DUPLICATE_METHOD_MATCH = YES;
				"CODE_SIGN_IDENTITY[sdk=iphoneos*]" = "iPhone Developer";
				COPY_PHASE_STRIP = NO;
				DEBUG_INFORMATION_FORMAT = "dwarf-with-dsym";
				ENABLE_NS_ASSERTIONS = NO;
				ENABLE_STRICT_OBJC_MSGSEND = YES;
				GCC_C_LANGUAGE_STANDARD = gnu99;
				GCC_NO_COMMON_BLOCKS = YES;
				GCC_WARN_64_TO_32_BIT_CONVERSION = YES;
				GCC_WARN_ABOUT_RETURN_TYPE = YES_ERROR;
				GCC_WARN_UNDECLARED_SELECTOR = YES;
				GCC_WARN_UNINITIALIZED_AUTOS = YES_AGGRESSIVE;
				GCC_WARN_UNUSED_FUNCTION = YES;
				GCC_WARN_UNUSED_VARIABLE = YES;
				IPHONEOS_DEPLOYMENT_TARGET = 10.2;
				MTL_ENABLE_DEBUG_INFO = NO;
				SDKROOT = iphoneos;
				SWIFT_OPTIMIZATION_LEVEL = "-Owholemodule";
				TARGETED_DEVICE_FAMILY = "1,2";
				VALIDATE_PRODUCT = YES;
			};
			name = Release;
		};
		81C6E0101E3D34A400EEFF86 /* Debug */ = {
			isa = XCBuildConfiguration;
			baseConfigurationReference = E9B16138F862C0936E7F3E60 /* Pods-MyBookClub.debug.xcconfig */;
			buildSettings = {
				ASSETCATALOG_COMPILER_APPICON_NAME = AppIcon;
				CLANG_ENABLE_MODULES = YES;
				DEVELOPMENT_TEAM = LK662Y5U4K;
				INFOPLIST_FILE = MyBookClub/Info.plist;
				LD_RUNPATH_SEARCH_PATHS = "$(inherited) @executable_path/Frameworks";
				PRODUCT_BUNDLE_IDENTIFIER = com.FenixDesignz.MyBookClub;
				PRODUCT_NAME = "$(TARGET_NAME)";
				SWIFT_OBJC_BRIDGING_HEADER = "MyBookClub-Bridging-Header.h";
				SWIFT_OPTIMIZATION_LEVEL = "-Onone";
				SWIFT_VERSION = 3.0;
			};
			name = Debug;
		};
		81C6E0111E3D34A400EEFF86 /* Release */ = {
			isa = XCBuildConfiguration;
			baseConfigurationReference = EBC86007403BCF853B6D5705 /* Pods-MyBookClub.release.xcconfig */;
			buildSettings = {
				ASSETCATALOG_COMPILER_APPICON_NAME = AppIcon;
				CLANG_ENABLE_MODULES = YES;
				DEVELOPMENT_TEAM = LK662Y5U4K;
				INFOPLIST_FILE = MyBookClub/Info.plist;
				LD_RUNPATH_SEARCH_PATHS = "$(inherited) @executable_path/Frameworks";
				PRODUCT_BUNDLE_IDENTIFIER = com.FenixDesignz.MyBookClub;
				PRODUCT_NAME = "$(TARGET_NAME)";
				SWIFT_OBJC_BRIDGING_HEADER = "MyBookClub-Bridging-Header.h";
				SWIFT_VERSION = 3.0;
			};
			name = Release;
		};
		81C6E0131E3D34A400EEFF86 /* Debug */ = {
			isa = XCBuildConfiguration;
			baseConfigurationReference = 50CBB65FF9249A314F6F4F23 /* Pods-MyBookClubTests.debug.xcconfig */;
			buildSettings = {
				ALWAYS_EMBED_SWIFT_STANDARD_LIBRARIES = YES;
				BUNDLE_LOADER = "$(TEST_HOST)";
				DEVELOPMENT_TEAM = LK662Y5U4K;
				INFOPLIST_FILE = MyBookClubTests/Info.plist;
				LD_RUNPATH_SEARCH_PATHS = "$(inherited) @executable_path/Frameworks @loader_path/Frameworks";
				PRODUCT_BUNDLE_IDENTIFIER = com.FenixDesignz.MyBookClubTests;
				PRODUCT_NAME = "$(TARGET_NAME)";
				SWIFT_VERSION = 3.0;
				TEST_HOST = "$(BUILT_PRODUCTS_DIR)/MyBookClub.app/MyBookClub";
			};
			name = Debug;
		};
		81C6E0141E3D34A400EEFF86 /* Release */ = {
			isa = XCBuildConfiguration;
			baseConfigurationReference = 4F65B337D48293BA0189D986 /* Pods-MyBookClubTests.release.xcconfig */;
			buildSettings = {
				ALWAYS_EMBED_SWIFT_STANDARD_LIBRARIES = YES;
				BUNDLE_LOADER = "$(TEST_HOST)";
				DEVELOPMENT_TEAM = LK662Y5U4K;
				INFOPLIST_FILE = MyBookClubTests/Info.plist;
				LD_RUNPATH_SEARCH_PATHS = "$(inherited) @executable_path/Frameworks @loader_path/Frameworks";
				PRODUCT_BUNDLE_IDENTIFIER = com.FenixDesignz.MyBookClubTests;
				PRODUCT_NAME = "$(TARGET_NAME)";
				SWIFT_VERSION = 3.0;
				TEST_HOST = "$(BUILT_PRODUCTS_DIR)/MyBookClub.app/MyBookClub";
			};
			name = Release;
		};
		81C6E0161E3D34A400EEFF86 /* Debug */ = {
			isa = XCBuildConfiguration;
			baseConfigurationReference = 22B94D5182A5F9B2DE755CC3 /* Pods-MyBookClubUITests.debug.xcconfig */;
			buildSettings = {
				ALWAYS_EMBED_SWIFT_STANDARD_LIBRARIES = YES;
				DEVELOPMENT_TEAM = LK662Y5U4K;
				INFOPLIST_FILE = MyBookClubUITests/Info.plist;
				LD_RUNPATH_SEARCH_PATHS = "$(inherited) @executable_path/Frameworks @loader_path/Frameworks";
				PRODUCT_BUNDLE_IDENTIFIER = com.FenixDesignz.MyBookClubUITests;
				PRODUCT_NAME = "$(TARGET_NAME)";
				SWIFT_VERSION = 3.0;
				TEST_TARGET_NAME = MyBookClub;
			};
			name = Debug;
		};
		81C6E0171E3D34A400EEFF86 /* Release */ = {
			isa = XCBuildConfiguration;
			baseConfigurationReference = EB8FD7953CBF6AF5805C0A47 /* Pods-MyBookClubUITests.release.xcconfig */;
			buildSettings = {
				ALWAYS_EMBED_SWIFT_STANDARD_LIBRARIES = YES;
				DEVELOPMENT_TEAM = LK662Y5U4K;
				INFOPLIST_FILE = MyBookClubUITests/Info.plist;
				LD_RUNPATH_SEARCH_PATHS = "$(inherited) @executable_path/Frameworks @loader_path/Frameworks";
				PRODUCT_BUNDLE_IDENTIFIER = com.FenixDesignz.MyBookClubUITests;
				PRODUCT_NAME = "$(TARGET_NAME)";
				SWIFT_VERSION = 3.0;
				TEST_TARGET_NAME = MyBookClub;
			};
			name = Release;
		};
/* End XCBuildConfiguration section */

/* Begin XCConfigurationList section */
		81C6DFE21E3D34A400EEFF86 /* Build configuration list for PBXProject "MyBookClub" */ = {
			isa = XCConfigurationList;
			buildConfigurations = (
				81C6E00D1E3D34A400EEFF86 /* Debug */,
				81C6E00E1E3D34A400EEFF86 /* Release */,
			);
			defaultConfigurationIsVisible = 0;
			defaultConfigurationName = Release;
		};
		81C6E00F1E3D34A400EEFF86 /* Build configuration list for PBXNativeTarget "MyBookClub" */ = {
			isa = XCConfigurationList;
			buildConfigurations = (
				81C6E0101E3D34A400EEFF86 /* Debug */,
				81C6E0111E3D34A400EEFF86 /* Release */,
			);
			defaultConfigurationIsVisible = 0;
			defaultConfigurationName = Release;
		};
		81C6E0121E3D34A400EEFF86 /* Build configuration list for PBXNativeTarget "MyBookClubTests" */ = {
			isa = XCConfigurationList;
			buildConfigurations = (
				81C6E0131E3D34A400EEFF86 /* Debug */,
				81C6E0141E3D34A400EEFF86 /* Release */,
			);
			defaultConfigurationIsVisible = 0;
			defaultConfigurationName = Release;
		};
		81C6E0151E3D34A400EEFF86 /* Build configuration list for PBXNativeTarget "MyBookClubUITests" */ = {
			isa = XCConfigurationList;
			buildConfigurations = (
				81C6E0161E3D34A400EEFF86 /* Debug */,
				81C6E0171E3D34A400EEFF86 /* Release */,
			);
			defaultConfigurationIsVisible = 0;
			defaultConfigurationName = Release;
		};
/* End XCConfigurationList section */
	};
	rootObject = 81C6DFDF1E3D34A400EEFF86 /* Project object */;
}
